// !$*UTF8*$!
{
	archiveVersion = 1;
	classes = {
	};
	objectVersion = 50;
	objects = {

/* Begin PBXBuildFile section */
		7C917AD5253F7FB300C9B3FA /* AppDelegate.swift in Sources */ = {isa = PBXBuildFile; fileRef = 7C917AD4253F7FB300C9B3FA /* AppDelegate.swift */; };
		7C917AD7253F7FB300C9B3FA /* SceneDelegate.swift in Sources */ = {isa = PBXBuildFile; fileRef = 7C917AD6253F7FB300C9B3FA /* SceneDelegate.swift */; };
		7C917ADE253F7FB400C9B3FA /* Assets.xcassets in Resources */ = {isa = PBXBuildFile; fileRef = 7C917ADD253F7FB400C9B3FA /* Assets.xcassets */; };
		7C917AE1253F7FB400C9B3FA /* LaunchScreen.storyboard in Resources */ = {isa = PBXBuildFile; fileRef = 7C917ADF253F7FB400C9B3FA /* LaunchScreen.storyboard */; };
		7C917AED253F806200C9B3FA /* MainVC.swift in Sources */ = {isa = PBXBuildFile; fileRef = 7C917AEC253F806200C9B3FA /* MainVC.swift */; };
		7C917AF5253F836700C9B3FA /* Item.swift in Sources */ = {isa = PBXBuildFile; fileRef = 7C917AF4253F836700C9B3FA /* Item.swift */; };
		7C917AF9253F83E700C9B3FA /* NetworkManager.swift in Sources */ = {isa = PBXBuildFile; fileRef = 7C917AF8253F83E700C9B3FA /* NetworkManager.swift */; };
		7C917B02253FDBEA00C9B3FA /* Sequence+Ext.swift in Sources */ = {isa = PBXBuildFile; fileRef = 7C917B01253FDBEA00C9B3FA /* Sequence+Ext.swift */; };
		7C917B06253FDDBF00C9B3FA /* AlertManager.swift in Sources */ = {isa = PBXBuildFile; fileRef = 7C917B05253FDDBF00C9B3FA /* AlertManager.swift */; };
/* End PBXBuildFile section */

/* Begin PBXFileReference section */
		7C917AD1253F7FB300C9B3FA /* Fetch Rewards Exercise.app */ = {isa = PBXFileReference; explicitFileType = wrapper.application; includeInIndex = 0; path = "Fetch Rewards Exercise.app"; sourceTree = BUILT_PRODUCTS_DIR; };
		7C917AD4253F7FB300C9B3FA /* AppDelegate.swift */ = {isa = PBXFileReference; lastKnownFileType = sourcecode.swift; path = AppDelegate.swift; sourceTree = "<group>"; };
		7C917AD6253F7FB300C9B3FA /* SceneDelegate.swift */ = {isa = PBXFileReference; lastKnownFileType = sourcecode.swift; path = SceneDelegate.swift; sourceTree = "<group>"; };
		7C917ADD253F7FB400C9B3FA /* Assets.xcassets */ = {isa = PBXFileReference; lastKnownFileType = folder.assetcatalog; path = Assets.xcassets; sourceTree = "<group>"; };
		7C917AE0253F7FB400C9B3FA /* Base */ = {isa = PBXFileReference; lastKnownFileType = file.storyboard; name = Base; path = Base.lproj/LaunchScreen.storyboard; sourceTree = "<group>"; };
		7C917AE2253F7FB400C9B3FA /* Info.plist */ = {isa = PBXFileReference; lastKnownFileType = text.plist.xml; path = Info.plist; sourceTree = "<group>"; };
		7C917AEC253F806200C9B3FA /* MainVC.swift */ = {isa = PBXFileReference; lastKnownFileType = sourcecode.swift; path = MainVC.swift; sourceTree = "<group>"; };
		7C917AF4253F836700C9B3FA /* Item.swift */ = {isa = PBXFileReference; lastKnownFileType = sourcecode.swift; path = Item.swift; sourceTree = "<group>"; };
		7C917AF8253F83E700C9B3FA /* NetworkManager.swift */ = {isa = PBXFileReference; lastKnownFileType = sourcecode.swift; path = NetworkManager.swift; sourceTree = "<group>"; };
		7C917B01253FDBEA00C9B3FA /* Sequence+Ext.swift */ = {isa = PBXFileReference; lastKnownFileType = sourcecode.swift; path = "Sequence+Ext.swift"; sourceTree = "<group>"; };
		7C917B05253FDDBF00C9B3FA /* AlertManager.swift */ = {isa = PBXFileReference; fileEncoding = 4; lastKnownFileType = sourcecode.swift; path = AlertManager.swift; sourceTree = "<group>"; };
/* End PBXFileReference section */

/* Begin PBXFrameworksBuildPhase section */
		7C917ACE253F7FB300C9B3FA /* Frameworks */ = {
			isa = PBXFrameworksBuildPhase;
			buildActionMask = 2147483647;
			files = (
			);
			runOnlyForDeploymentPostprocessing = 0;
		};
/* End PBXFrameworksBuildPhase section */

/* Begin PBXGroup section */
		7C917AC8253F7FB300C9B3FA = {
			isa = PBXGroup;
			children = (
				7C917AD3253F7FB300C9B3FA /* Fetch Rewards Exercise */,
				7C917AD2253F7FB300C9B3FA /* Products */,
			);
			sourceTree = "<group>";
		};
		7C917AD2253F7FB300C9B3FA /* Products */ = {
			isa = PBXGroup;
			children = (
				7C917AD1253F7FB300C9B3FA /* Fetch Rewards Exercise.app */,
			);
			name = Products;
			sourceTree = "<group>";
		};
		7C917AD3253F7FB300C9B3FA /* Fetch Rewards Exercise */ = {
			isa = PBXGroup;
			children = (
				7C917AD4253F7FB300C9B3FA /* AppDelegate.swift */,
				7C917AD6253F7FB300C9B3FA /* SceneDelegate.swift */,
				7C917AFF253FD9A900C9B3FA /* Extensions */,
				7C917AF7253F83D500C9B3FA /* Managers */,
				7C917AF1253F830100C9B3FA /* Model */,
				7C917AF3253F830B00C9B3FA /* View */,
				7C917AF2253F830600C9B3FA /* Controller */,
				7C917ADD253F7FB400C9B3FA /* Assets.xcassets */,
				7C917ADF253F7FB400C9B3FA /* LaunchScreen.storyboard */,
				7C917AE2253F7FB400C9B3FA /* Info.plist */,
			);
			path = "Fetch Rewards Exercise";
			sourceTree = "<group>";
		};
		7C917AF1253F830100C9B3FA /* Model */ = {
			isa = PBXGroup;
			children = (
				7C917AF4253F836700C9B3FA /* Item.swift */,
			);
			path = Model;
			sourceTree = "<group>";
		};
		7C917AF2253F830600C9B3FA /* Controller */ = {
			isa = PBXGroup;
			children = (
				7C917AEC253F806200C9B3FA /* MainVC.swift */,
			);
			path = Controller;
			sourceTree = "<group>";
		};
		7C917AF3253F830B00C9B3FA /* View */ = {
			isa = PBXGroup;
			children = (
			);
			path = View;
			sourceTree = "<group>";
		};
		7C917AF7253F83D500C9B3FA /* Managers */ = {
			isa = PBXGroup;
			children = (
				7C917AF8253F83E700C9B3FA /* NetworkManager.swift */,
				7C917B05253FDDBF00C9B3FA /* AlertManager.swift */,
			);
			path = Managers;
			sourceTree = "<group>";
		};
		7C917AFF253FD9A900C9B3FA /* Extensions */ = {
			isa = PBXGroup;
			children = (
				7C917B01253FDBEA00C9B3FA /* Sequence+Ext.swift */,
			);
			path = Extensions;
			sourceTree = "<group>";
		};
/* End PBXGroup section */

/* Begin PBXNativeTarget section */
		7C917AD0253F7FB300C9B3FA /* Fetch Rewards Exercise */ = {
			isa = PBXNativeTarget;
			buildConfigurationList = 7C917AE5253F7FB400C9B3FA /* Build configuration list for PBXNativeTarget "Fetch Rewards Exercise" */;
			buildPhases = (
				7C917ACD253F7FB300C9B3FA /* Sources */,
				7C917ACE253F7FB300C9B3FA /* Frameworks */,
				7C917ACF253F7FB300C9B3FA /* Resources */,
			);
			buildRules = (
			);
			dependencies = (
			);
			name = "Fetch Rewards Exercise";
			productName = "Fetch Rewards Exercise";
			productReference = 7C917AD1253F7FB300C9B3FA /* Fetch Rewards Exercise.app */;
			productType = "com.apple.product-type.application";
		};
/* End PBXNativeTarget section */

/* Begin PBXProject section */
		7C917AC9253F7FB300C9B3FA /* Project object */ = {
			isa = PBXProject;
			attributes = {
				LastSwiftUpdateCheck = 1200;
				LastUpgradeCheck = 1200;
				TargetAttributes = {
					7C917AD0253F7FB300C9B3FA = {
						CreatedOnToolsVersion = 12.0;
					};
				};
			};
			buildConfigurationList = 7C917ACC253F7FB300C9B3FA /* Build configuration list for PBXProject "Fetch Rewards Exercise" */;
			compatibilityVersion = "Xcode 9.3";
			developmentRegion = en;
			hasScannedForEncodings = 0;
			knownRegions = (
				en,
				Base,
			);
			mainGroup = 7C917AC8253F7FB300C9B3FA;
			productRefGroup = 7C917AD2253F7FB300C9B3FA /* Products */;
			projectDirPath = "";
			projectRoot = "";
			targets = (
				7C917AD0253F7FB300C9B3FA /* Fetch Rewards Exercise */,
			);
		};
/* End PBXProject section */

/* Begin PBXResourcesBuildPhase section */
		7C917ACF253F7FB300C9B3FA /* Resources */ = {
			isa = PBXResourcesBuildPhase;
			buildActionMask = 2147483647;
			files = (
				7C917AE1253F7FB400C9B3FA /* LaunchScreen.storyboard in Resources */,
				7C917ADE253F7FB400C9B3FA /* Assets.xcassets in Resources */,
			);
			runOnlyForDeploymentPostprocessing = 0;
		};
/* End PBXResourcesBuildPhase section */

/* Begin PBXSourcesBuildPhase section */
		7C917ACD253F7FB300C9B3FA /* Sources */ = {
			isa = PBXSourcesBuildPhase;
			buildActionMask = 2147483647;
			files = (
				7C917AF5253F836700C9B3FA /* Item.swift in Sources */,
				7C917AD5253F7FB300C9B3FA /* AppDelegate.swift in Sources */,
				7C917AF9253F83E700C9B3FA /* NetworkManager.swift in Sources */,
				7C917AED253F806200C9B3FA /* MainVC.swift in Sources */,
				7C917B02253FDBEA00C9B3FA /* Sequence+Ext.swift in Sources */,
				7C917B06253FDDBF00C9B3FA /* AlertManager.swift in Sources */,
				7C917AD7253F7FB300C9B3FA /* SceneDelegate.swift in Sources */,
			);
			runOnlyForDeploymentPostprocessing = 0;
		};
/* End PBXSourcesBuildPhase section */

/* Begin PBXVariantGroup section */
		7C917ADF253F7FB400C9B3FA /* LaunchScreen.storyboard */ = {
			isa = PBXVariantGroup;
			children = (
				7C917AE0253F7FB400C9B3FA /* Base */,
			);
			name = LaunchScreen.storyboard;
			sourceTree = "<group>";
		};
/* End PBXVariantGroup section */

/* Begin XCBuildConfiguration section */
		7C917AE3253F7FB400C9B3FA /* Debug */ = {
			isa = XCBuildConfiguration;
			buildSettings = {
				ALWAYS_SEARCH_USER_PATHS = NO;
				CLANG_ANALYZER_NONNULL = YES;
				CLANG_ANALYZER_NUMBER_OBJECT_CONVERSION = YES_AGGRESSIVE;
				CLANG_CXX_LANGUAGE_STANDARD = "gnu++14";
				CLANG_CXX_LIBRARY = "libc++";
				CLANG_ENABLE_MODULES = YES;
				CLANG_ENABLE_OBJC_ARC = YES;
				CLANG_ENABLE_OBJC_WEAK = YES;
				CLANG_WARN_BLOCK_CAPTURE_AUTORELEASING = YES;
				CLANG_WARN_BOOL_CONVERSION = YES;
				CLANG_WARN_COMMA = YES;
				CLANG_WARN_CONSTANT_CONVERSION = YES;
				CLANG_WARN_DEPRECATED_OBJC_IMPLEMENTATIONS = YES;
				CLANG_WARN_DIRECT_OBJC_ISA_USAGE = YES_ERROR;
				CLANG_WARN_DOCUMENTATION_COMMENTS = YES;
				CLANG_WARN_EMPTY_BODY = YES;
				CLANG_WARN_ENUM_CONVERSION = YES;
				CLANG_WARN_INFINITE_RECURSION = YES;
				CLANG_WARN_INT_CONVERSION = YES;
				CLANG_WARN_NON_LITERAL_NULL_CONVERSION = YES;
				CLANG_WARN_OBJC_IMPLICIT_RETAIN_SELF = YES;
				CLANG_WARN_OBJC_LITERAL_CONVERSION = YES;
				CLANG_WARN_OBJC_ROOT_CLASS = YES_ERROR;
				CLANG_WARN_QUOTED_INCLUDE_IN_FRAMEWORK_HEADER = YES;
				CLANG_WARN_RANGE_LOOP_ANALYSIS = YES;
				CLANG_WARN_STRICT_PROTOTYPES = YES;
				CLANG_WARN_SUSPICIOUS_MOVE = YES;
				CLANG_WARN_UNGUARDED_AVAILABILITY = YES_AGGRESSIVE;
				CLANG_WARN_UNREACHABLE_CODE = YES;
				CLANG_WARN__DUPLICATE_METHOD_MATCH = YES;
				COPY_PHASE_STRIP = NO;
				DEBUG_INFORMATION_FORMAT = dwarf;
				ENABLE_STRICT_OBJC_MSGSEND = YES;
				ENABLE_TESTABILITY = YES;
				GCC_C_LANGUAGE_STANDARD = gnu11;
				GCC_DYNAMIC_NO_PIC = NO;
				GCC_NO_COMMON_BLOCKS = YES;
				GCC_OPTIMIZATION_LEVEL = 0;
				GCC_PREPROCESSOR_DEFINITIONS = (
					"DEBUG=1",
					"$(inherited)",
				);
				GCC_WARN_64_TO_32_BIT_CONVERSION = YES;
				GCC_WARN_ABOUT_RETURN_TYPE = YES_ERROR;
				GCC_WARN_UNDECLARED_SELECTOR = YES;
				GCC_WARN_UNINITIALIZED_AUTOS = YES_AGGRESSIVE;
				GCC_WARN_UNUSED_FUNCTION = YES;
				GCC_WARN_UNUSED_VARIABLE = YES;
				IPHONEOS_DEPLOYMENT_TARGET = 14.0;
				MTL_ENABLE_DEBUG_INFO = INCLUDE_SOURCE;
				MTL_FAST_MATH = YES;
				ONLY_ACTIVE_ARCH = YES;
				SDKROOT = iphoneos;
				SWIFT_ACTIVE_COMPILATION_CONDITIONS = DEBUG;
				SWIFT_OPTIMIZATION_LEVEL = "-Onone";
			};
			name = Debug;
		};
		7C917AE4253F7FB400C9B3FA /* Release */ = {
			isa = XCBuildConfiguration;
			buildSettings = {
				ALWAYS_SEARCH_USER_PATHS = NO;
				CLANG_ANALYZER_NONNULL = YES;
				CLANG_ANALYZER_NUMBER_OBJECT_CONVERSION = YES_AGGRESSIVE;
				CLANG_CXX_LANGUAGE_STANDARD = "gnu++14";
				CLANG_CXX_LIBRARY = "libc++";
				CLANG_ENABLE_MODULES = YES;
				CLANG_ENABLE_OBJC_ARC = YES;
				CLANG_ENABLE_OBJC_WEAK = YES;
				CLANG_WARN_BLOCK_CAPTURE_AUTORELEASING = YES;
				CLANG_WARN_BOOL_CONVERSION = YES;
				CLANG_WARN_COMMA = YES;
				CLANG_WARN_CONSTANT_CONVERSION = YES;
				CLANG_WARN_DEPRECATED_OBJC_IMPLEMENTATIONS = YES;
				CLANG_WARN_DIRECT_OBJC_ISA_USAGE = YES_ERROR;
				CLANG_WARN_DOCUMENTATION_COMMENTS = YES;
				CLANG_WARN_EMPTY_BODY = YES;
				CLANG_WARN_ENUM_CONVERSION = YES;
				CLANG_WARN_INFINITE_RECURSION = YES;
				CLANG_WARN_INT_CONVERSION = YES;
				CLANG_WARN_NON_LITERAL_NULL_CONVERSION = YES;
				CLANG_WARN_OBJC_IMPLICIT_RETAIN_SELF = YES;
				CLANG_WARN_OBJC_LITERAL_CONVERSION = YES;
				CLANG_WARN_OBJC_ROOT_CLASS = YES_ERROR;
				CLANG_WARN_QUOTED_INCLUDE_IN_FRAMEWORK_HEADER = YES;
				CLANG_WARN_RANGE_LOOP_ANALYSIS = YES;
				CLANG_WARN_STRICT_PROTOTYPES = YES;
				CLANG_WARN_SUSPICIOUS_MOVE = YES;
				CLANG_WARN_UNGUARDED_AVAILABILITY = YES_AGGRESSIVE;
				CLANG_WARN_UNREACHABLE_CODE = YES;
				CLANG_WARN__DUPLICATE_METHOD_MATCH = YES;
				COPY_PHASE_STRIP = NO;
				DEBUG_INFORMATION_FORMAT = "dwarf-with-dsym";
				ENABLE_NS_ASSERTIONS = NO;
				ENABLE_STRICT_OBJC_MSGSEND = YES;
				GCC_C_LANGUAGE_STANDARD = gnu11;
				GCC_NO_COMMON_BLOCKS = YES;
				GCC_WARN_64_TO_32_BIT_CONVERSION = YES;
				GCC_WARN_ABOUT_RETURN_TYPE = YES_ERROR;
				GCC_WARN_UNDECLARED_SELECTOR = YES;
				GCC_WARN_UNINITIALIZED_AUTOS = YES_AGGRESSIVE;
				GCC_WARN_UNUSED_FUNCTION = YES;
				GCC_WARN_UNUSED_VARIABLE = YES;
				IPHONEOS_DEPLOYMENT_TARGET = 14.0;
				MTL_ENABLE_DEBUG_INFO = NO;
				MTL_FAST_MATH = YES;
				SDKROOT = iphoneos;
				SWIFT_COMPILATION_MODE = wholemodule;
				SWIFT_OPTIMIZATION_LEVEL = "-O";
				VALIDATE_PRODUCT = YES;
			};
			name = Release;
		};
		7C917AE6253F7FB400C9B3FA /* Debug */ = {
			isa = XCBuildConfiguration;
			buildSettings = {
				ASSETCATALOG_COMPILER_APPICON_NAME = AppIcon;
				ASSETCATALOG_COMPILER_GLOBAL_ACCENT_COLOR_NAME = AccentColor;
				CODE_SIGN_STYLE = Automatic;
				DEVELOPMENT_TEAM = FMFQFH5FZZ;
				INFOPLIST_FILE = "Fetch Rewards Exercise/Info.plist";
				IPHONEOS_DEPLOYMENT_TARGET = 13.0;
				LD_RUNPATH_SEARCH_PATHS = (
					"$(inherited)",
					"@executable_path/Frameworks",
				);
				PRODUCT_BUNDLE_IDENTIFIER = "com.maximoliriano.Fetch-Rewards-Exercise";
				PRODUCT_NAME = "$(TARGET_NAME)";
				SWIFT_VERSION = 5.0;
				TARGETED_DEVICE_FAMILY = "1,2";
			};
			name = Debug;
		};
		7C917AE7253F7FB400C9B3FA /* Release */ = {
			isa = XCBuildConfiguration;
			buildSettings = {
				ASSETCATALOG_COMPILER_APPICON_NAME = AppIcon;
				ASSETCATALOG_COMPILER_GLOBAL_ACCENT_COLOR_NAME = AccentColor;
				CODE_SIGN_STYLE = Automatic;
				DEVELOPMENT_TEAM = FMFQFH5FZZ;
				INFOPLIST_FILE = "Fetch Rewards Exercise/Info.plist";
				IPHONEOS_DEPLOYMENT_TARGET = 13.0;
				LD_RUNPATH_SEARCH_PATHS = (
					"$(inherited)",
					"@executable_path/Frameworks",
				);
				PRODUCT_BUNDLE_IDENTIFIER = "com.maximoliriano.Fetch-Rewards-Exercise";
				PRODUCT_NAME = "$(TARGET_NAME)";
				SWIFT_VERSION = 5.0;
				TARGETED_DEVICE_FAMILY = "1,2";
			};
			name = Release;
		};
/* End XCBuildConfiguration section */

/* Begin XCConfigurationList section */
		7C917ACC253F7FB300C9B3FA /* Build configuration list for PBXProject "Fetch Rewards Exercise" */ = {
			isa = XCConfigurationList;
			buildConfigurations = (
				7C917AE3253F7FB400C9B3FA /* Debug */,
				7C917AE4253F7FB400C9B3FA /* Release */,
			);
			defaultConfigurationIsVisible = 0;
			defaultConfigurationName = Release;
		};
		7C917AE5253F7FB400C9B3FA /* Build configuration list for PBXNativeTarget "Fetch Rewards Exercise" */ = {
			isa = XCConfigurationList;
			buildConfigurations = (
				7C917AE6253F7FB400C9B3FA /* Debug */,
				7C917AE7253F7FB400C9B3FA /* Release */,
			);
			defaultConfigurationIsVisible = 0;
			defaultConfigurationName = Release;
		};
/* End XCConfigurationList section */
	};
	rootObject = 7C917AC9253F7FB300C9B3FA /* Project object */;
}
